
Microsoft Visual Studio Solution File, Format Version 12.00
# Visual Studio Version 17
VisualStudioVersion = 17.7.34003.232
MinimumVisualStudioVersion = 10.0.40219.1
Project("{FAE04EC0-301F-11D3-BF4B-00C04F79EFBC}") = "GeoJsonSanitizer", "GeoJsonSanitizer.csproj", "{BFE915CA-9C32-4C09-867C-C0B5994FAD32}"
EndProject
Global
	GlobalSection(SolutionConfigurationPlatforms) = preSolution
		Debug|Any CPU = Debug|Any CPU
		Release|Any CPU = Release|Any CPU
	EndGlobalSection
	GlobalSection(ProjectConfigurationPlatforms) = postSolution
		{BFE915CA-9C32-4C09-867C-C0B5994FAD32}.Debug|Any CPU.ActiveCfg = Debug|Any CPU
		{BFE915CA-9C32-4C09-867C-C0B5994FAD32}.Debug|Any CPU.Build.0 = Debug|Any CPU
		{BFE915CA-9C32-4C09-867C-C0B5994FAD32}.Release|Any CPU.ActiveCfg = Release|Any CPU
		{BFE915CA-9C32-4C09-867C-C0B5994FAD32}.Release|Any CPU.Build.0 = Release|Any CPU
	EndGlobalSection
	GlobalSection(SolutionProperties) = preSolution
		HideSolutionNode = FALSE
	EndGlobalSection
	GlobalSection(ExtensibilityGlobals) = postSolution
		SolutionGuid = {A870C5D1-9C0B-48F0-BDC8-A018564890FB}
	EndGlobalSection
EndGlobal
